{
  "name": "gpr-install-test",
  "version": "0.0.1",
  "lockfileVersion": 1,
  "requires": true,
  "dependencies": {
    "@cycjimmy/hello-github-package-npm": {
      "version": "0.0.8",
      "resolved": "https://npm.pkg.github.com/download/@cycjimmy/hello-github-package-npm/0.0.8/640ab1784d97cadb8bd73a5cfd1aa20c7c7d65335a6987e7d0d580cdfdef5b0a",
      "integrity": "sha512-W28ibOfgUsDUBpxFh3s/PQmI/OpxU9v5GMHzX/SthcowAQ2Hcd34dsyih4jnZP9uzO/JKjiuC1FNge8RhBH2yQ=="
    }
  }
}
