{
  "name": "gpr-install-test",
  "version": "0.0.1",
  "lockfileVersion": 2,
  "requires": true,
  "packages": {
    "": {
      "name": "gpr-install-test",
      "version": "0.0.1",
      "dependencies": {
        "@cycjimmy/awesome-js-funcs": "^4.0.9",
        "@cycjimmy/canvas-snow": "^3.0.2",
        "@cycjimmy/config-lib": "^3.2.1",
        "@cycjimmy/h5-audio-controls": "^5.0.3",
        "@cycjimmy/h5-pages": "^4.3.0",
        "@cycjimmy/h5-preloader": "^5.0.3",
        "@cycjimmy/h5-video-player": "^3.0.1",
        "@cycjimmy/hello-github-package-npm": "^6.2.7",
        "@cycjimmy/jsmpeg-player": "^6.0.5",
        "@cycjimmy/mini-xhr": "^7.0.0",
        "@cycjimmy/sass-lib": "^2.2.0",
        "@cycjimmy/scroller": "^3.0.2",
        "@cycjimmy/simulate-chatting": "^2.0.2",
        "@cycjimmy/swiper-animation": "^6.0.2",
        "@cycjimmy/vue-h5-audio-controls": "^1.2.0",
        "@cycjimmy/weixin-share": "^7.0.2"
      }
    },
    "node_modules/@cycjimmy/awesome-js-funcs": {
      "version": "4.0.9",
      "resolved": "https://npm.pkg.github.com/download/@cycjimmy/awesome-js-funcs/4.0.9/48fca0280f21f22c6196dbf518a77d9bc5ab8ff6",
      "integrity": "sha512-kpBR4RzSy2Fv3bUKqvvbEQIhw+WDffikuJTqhaheC8PvkAJ++2+CiNX8moscf+lBSBuLRwPiQDO1SdtefgmFtg==",
      "license": "MIT"
    },
    "node_modules/@cycjimmy/canvas-snow": {
      "version": "3.0.2",
      "resolved": "https://npm.pkg.github.com/download/@cycjimmy/canvas-snow/3.0.2/c90f69add51acccc4bce83ab2c3e7a13602ec12c",
      "integrity": "sha512-sBARiNbMievQcBMrxfL5q2LPeuptI5fH9uhn5ORKyj0P2YGJADJUumRhC13MDIr8dd99KJt09MRhfAz3xE7Jkg==",
      "license": "MIT"
    },
    "node_modules/@cycjimmy/config-lib": {
      "version": "3.2.1",
      "resolved": "https://npm.pkg.github.com/download/@cycjimmy/config-lib/3.2.1/17048bf6b9e8da2a09184aa72cc366baacfcb3bc",
      "integrity": "sha512-0bO/osJj8VDCXRNJ/cUnO94UvogLonQ84M+CIqGlP5QiKbwCAwfadBThYhsVTcYl+aU/bqib9089t0JxasMXLg==",
      "license": "MIT"
    },
    "node_modules/@cycjimmy/h5-audio-controls": {
      "version": "5.0.3",
      "resolved": "https://npm.pkg.github.com/download/@cycjimmy/h5-audio-controls/5.0.3/42c8df9aa3f8ff739d729c83c1a24f23094617bb",
      "integrity": "sha512-g2vWzTpoq3ZYxuCf0dhC5cjBKvrRkEq6CY+blknnRcC3UuXITOUQOIPihkMpTUcc53PbY9BJRAx48P1kADpVEg==",
      "license": "MIT"
    },
    "node_modules/@cycjimmy/h5-pages": {
      "version": "4.3.0",
      "resolved": "https://npm.pkg.github.com/download/@cycjimmy/h5-pages/4.3.0/b82f3da7897b185e779ed71a6f53383bf47aba4c",
      "integrity": "sha512-FQPiy5SFDU2pGsuW9twaMYXFQdmSftya1UrAzKZQFFJAB5BYhmJ8cDMhp6xQ+CCa0ALTLqeHnW1sS7FcpRIGgA==",
      "license": "MIT"
    },
    "node_modules/@cycjimmy/h5-preloader": {
      "version": "5.0.3",
      "resolved": "https://npm.pkg.github.com/download/@cycjimmy/h5-preloader/5.0.3/2b3ed0e2b46ac954af6dd83159afea8eaf1d584e",
      "integrity": "sha512-+B0eHFNdmj5udPDjXcQUBnjsEB/RpI+6Q8d4Exx/sFnwY6XQQWuBjURWJfQQ5FdeLbAIeVA4qltGjxIRzwGKMQ==",
      "license": "MIT"
    },
    "node_modules/@cycjimmy/h5-video-player": {
      "version": "3.0.1",
      "resolved": "https://npm.pkg.github.com/download/@cycjimmy/h5-video-player/3.0.1/45ba10770297cb9d08c40d8a6bb1765e7fc0c8a2",
      "integrity": "sha512-f64Lw/cri4Q+c6hq+D4uHAuntTcLuQUD+cDREXOpmP5B2nkRiF/JX6t0umCzOywz7cZW6y2v+r95LAMnJZq5eA==",
      "license": "MIT"
    },
    "node_modules/@cycjimmy/hello-github-package-npm": {
      "version": "6.2.7",
      "resolved": "https://npm.pkg.github.com/download/@cycjimmy/hello-github-package-npm/6.2.7/bcc369ff58f2a6203866505fa9ac6cccd12748d3",
      "integrity": "sha512-x8gNDJTgTIwb2pVKJ1xoFsHiyyDzObJ2Lh8pA0Tw025EHSf6hCWn8E0ELhkJnUwwVtficL4AZKR7O89k5icELw==",
      "license": "MIT"
    },
    "node_modules/@cycjimmy/jsmpeg-player": {
      "version": "6.0.5",
      "resolved": "https://npm.pkg.github.com/download/@cycjimmy/jsmpeg-player/6.0.5/ab4a9a2eb915894eeba8ca6e39aca3e66d1609b6",
      "integrity": "sha512-bVNHQ7VN9ecKT5AI/6RC7zpW/y4ca68a9txeR5Wiin+jKpUn/7buMe+5NPub89A8NNeNnKPQfrD2+c76ch36mA==",
      "license": "MIT"
    },
    "node_modules/@cycjimmy/mini-xhr": {
      "version": "7.0.0",
      "resolved": "https://npm.pkg.github.com/download/@cycjimmy/mini-xhr/7.0.0/dd5a8b86efc2d936777007ba76322f3e0d383c77",
      "integrity": "sha512-2G5phqISpA6pEevHb59CkRYheI4hgc4fb8zcBmt04W6xWr4ho0Ol1OVIvImlIblbMGKrAo2dRsh7Cvi36prz9g==",
      "license": "MIT"
    },
    "node_modules/@cycjimmy/sass-lib": {
      "version": "2.2.0",
      "resolved": "https://npm.pkg.github.com/download/@cycjimmy/sass-lib/2.2.0/b6446b6489aa9f8e743e8e9edbe2a7678afda26a",
      "integrity": "sha512-cmB74gL5cYIST5ZEk+uZOmMs1RkYFeIYeTYEUV+JSip5lwlR5dsyLQo5DkZe37RzJDuehl+t1ctmj71MQBYpvg==",
      "license": "MIT"
    },
    "node_modules/@cycjimmy/scroller": {
      "version": "3.0.2",
      "resolved": "https://npm.pkg.github.com/download/@cycjimmy/scroller/3.0.2/1655e4765e375cf4962fbb6b421964ad69c2c3f2",
      "integrity": "sha512-5/aOXKjV5+yH3ZCxOlZRbbJmQIwNvGilnCq3PWyfNs+Q8o0M50A+jQIQKJAbdSV7dJcQpzRTWDJ1sSqOT9QtXw==",
      "license": "MIT"
    },
    "node_modules/@cycjimmy/simulate-chatting": {
      "version": "2.0.2",
      "resolved": "https://npm.pkg.github.com/download/@cycjimmy/simulate-chatting/2.0.2/580cbb041669b51baa7ea7e92be1420e0ed35881",
      "integrity": "sha512-EV7l4+6CTyLtEH5U6squsRYGGnrQpDqbiWcYvAbMf2O5ZYeRbL1A43x39GCnK7LH9zrFSk+ooZ6faROrYLhwrg==",
      "license": "MIT"
    },
    "node_modules/@cycjimmy/swiper-animation": {
      "version": "6.0.2",
      "resolved": "https://npm.pkg.github.com/download/@cycjimmy/swiper-animation/6.0.2/f17cd6c7d0702f269744910f9bc2eca9a0fdfcfd",
      "integrity": "sha512-KfUKdIqCbWTRDOOOV3DFlOkx1CmTVM9GrqtnrfP0sfaznN9WUQ0kBySCLW2jx5fDIHdLLSQGOtBJHkHk/GS0mw==",
      "license": "MIT"
    },
    "node_modules/@cycjimmy/vue-h5-audio-controls": {
      "version": "1.2.0",
      "resolved": "https://npm.pkg.github.com/download/@cycjimmy/vue-h5-audio-controls/1.2.0/de39e1b84cb3fcced40a9ebcb12158aa13472773",
      "integrity": "sha512-9Y0Vt0fR/Mj21Khbn90Jqcjw4+2jXeq92cv/2iBYZLBQuXEsCreybgNzv3IZumVCFZ0YdfqmYkGk24Xy2RmX7Q==",
      "license": "MIT"
    },
    "node_modules/@cycjimmy/weixin-share": {
      "version": "7.0.2",
      "resolved": "https://npm.pkg.github.com/download/@cycjimmy/weixin-share/7.0.2/46d0beca69f776d9f99ab6e3efa7f4b9052fb4df",
      "integrity": "sha512-gUmM44zwl9oJu6hUZ2iZYCeHE7KBBwtmD3wSsc4wEWNBmDeBZbJMIt/AZs7wrZX1t9rXDg43A8oxCWFWLnPnJQ==",
      "license": "MIT"
    }
  },
  "dependencies": {
    "@cycjimmy/awesome-js-funcs": {
      "version": "4.0.9",
      "resolved": "https://npm.pkg.github.com/download/@cycjimmy/awesome-js-funcs/4.0.9/48fca0280f21f22c6196dbf518a77d9bc5ab8ff6",
      "integrity": "sha512-kpBR4RzSy2Fv3bUKqvvbEQIhw+WDffikuJTqhaheC8PvkAJ++2+CiNX8moscf+lBSBuLRwPiQDO1SdtefgmFtg=="
    },
    "@cycjimmy/canvas-snow": {
      "version": "3.0.2",
      "resolved": "https://npm.pkg.github.com/download/@cycjimmy/canvas-snow/3.0.2/c90f69add51acccc4bce83ab2c3e7a13602ec12c",
      "integrity": "sha512-sBARiNbMievQcBMrxfL5q2LPeuptI5fH9uhn5ORKyj0P2YGJADJUumRhC13MDIr8dd99KJt09MRhfAz3xE7Jkg=="
    },
    "@cycjimmy/config-lib": {
      "version": "3.2.1",
      "resolved": "https://npm.pkg.github.com/download/@cycjimmy/config-lib/3.2.1/17048bf6b9e8da2a09184aa72cc366baacfcb3bc",
      "integrity": "sha512-0bO/osJj8VDCXRNJ/cUnO94UvogLonQ84M+CIqGlP5QiKbwCAwfadBThYhsVTcYl+aU/bqib9089t0JxasMXLg=="
    },
    "@cycjimmy/h5-audio-controls": {
      "version": "5.0.3",
      "resolved": "https://npm.pkg.github.com/download/@cycjimmy/h5-audio-controls/5.0.3/42c8df9aa3f8ff739d729c83c1a24f23094617bb",
      "integrity": "sha512-g2vWzTpoq3ZYxuCf0dhC5cjBKvrRkEq6CY+blknnRcC3UuXITOUQOIPihkMpTUcc53PbY9BJRAx48P1kADpVEg=="
    },
    "@cycjimmy/h5-pages": {
      "version": "4.3.0",
      "resolved": "https://npm.pkg.github.com/download/@cycjimmy/h5-pages/4.3.0/b82f3da7897b185e779ed71a6f53383bf47aba4c",
      "integrity": "sha512-FQPiy5SFDU2pGsuW9twaMYXFQdmSftya1UrAzKZQFFJAB5BYhmJ8cDMhp6xQ+CCa0ALTLqeHnW1sS7FcpRIGgA=="
    },
    "@cycjimmy/h5-preloader": {
      "version": "5.0.3",
      "resolved": "https://npm.pkg.github.com/download/@cycjimmy/h5-preloader/5.0.3/2b3ed0e2b46ac954af6dd83159afea8eaf1d584e",
      "integrity": "sha512-+B0eHFNdmj5udPDjXcQUBnjsEB/RpI+6Q8d4Exx/sFnwY6XQQWuBjURWJfQQ5FdeLbAIeVA4qltGjxIRzwGKMQ=="
    },
    "@cycjimmy/h5-video-player": {
      "version": "3.0.1",
      "resolved": "https://npm.pkg.github.com/download/@cycjimmy/h5-video-player/3.0.1/45ba10770297cb9d08c40d8a6bb1765e7fc0c8a2",
      "integrity": "sha512-f64Lw/cri4Q+c6hq+D4uHAuntTcLuQUD+cDREXOpmP5B2nkRiF/JX6t0umCzOywz7cZW6y2v+r95LAMnJZq5eA=="
    },
    "@cycjimmy/hello-github-package-npm": {
      "version": "6.2.7",
      "resolved": "https://npm.pkg.github.com/download/@cycjimmy/hello-github-package-npm/6.2.7/bcc369ff58f2a6203866505fa9ac6cccd12748d3",
      "integrity": "sha512-x8gNDJTgTIwb2pVKJ1xoFsHiyyDzObJ2Lh8pA0Tw025EHSf6hCWn8E0ELhkJnUwwVtficL4AZKR7O89k5icELw=="
    },
    "@cycjimmy/jsmpeg-player": {
      "version": "6.0.5",
      "resolved": "https://npm.pkg.github.com/download/@cycjimmy/jsmpeg-player/6.0.5/ab4a9a2eb915894eeba8ca6e39aca3e66d1609b6",
      "integrity": "sha512-bVNHQ7VN9ecKT5AI/6RC7zpW/y4ca68a9txeR5Wiin+jKpUn/7buMe+5NPub89A8NNeNnKPQfrD2+c76ch36mA=="
    },
    "@cycjimmy/mini-xhr": {
      "version": "7.0.0",
      "resolved": "https://npm.pkg.github.com/download/@cycjimmy/mini-xhr/7.0.0/dd5a8b86efc2d936777007ba76322f3e0d383c77",
      "integrity": "sha512-2G5phqISpA6pEevHb59CkRYheI4hgc4fb8zcBmt04W6xWr4ho0Ol1OVIvImlIblbMGKrAo2dRsh7Cvi36prz9g=="
    },
    "@cycjimmy/sass-lib": {
      "version": "2.2.0",
      "resolved": "https://npm.pkg.github.com/download/@cycjimmy/sass-lib/2.2.0/b6446b6489aa9f8e743e8e9edbe2a7678afda26a",
      "integrity": "sha512-cmB74gL5cYIST5ZEk+uZOmMs1RkYFeIYeTYEUV+JSip5lwlR5dsyLQo5DkZe37RzJDuehl+t1ctmj71MQBYpvg=="
    },
    "@cycjimmy/scroller": {
      "version": "3.0.2",
      "resolved": "https://npm.pkg.github.com/download/@cycjimmy/scroller/3.0.2/1655e4765e375cf4962fbb6b421964ad69c2c3f2",
      "integrity": "sha512-5/aOXKjV5+yH3ZCxOlZRbbJmQIwNvGilnCq3PWyfNs+Q8o0M50A+jQIQKJAbdSV7dJcQpzRTWDJ1sSqOT9QtXw=="
    },
    "@cycjimmy/simulate-chatting": {
      "version": "2.0.2",
      "resolved": "https://npm.pkg.github.com/download/@cycjimmy/simulate-chatting/2.0.2/580cbb041669b51baa7ea7e92be1420e0ed35881",
      "integrity": "sha512-EV7l4+6CTyLtEH5U6squsRYGGnrQpDqbiWcYvAbMf2O5ZYeRbL1A43x39GCnK7LH9zrFSk+ooZ6faROrYLhwrg=="
    },
    "@cycjimmy/swiper-animation": {
      "version": "6.0.2",
      "resolved": "https://npm.pkg.github.com/download/@cycjimmy/swiper-animation/6.0.2/f17cd6c7d0702f269744910f9bc2eca9a0fdfcfd",
      "integrity": "sha512-KfUKdIqCbWTRDOOOV3DFlOkx1CmTVM9GrqtnrfP0sfaznN9WUQ0kBySCLW2jx5fDIHdLLSQGOtBJHkHk/GS0mw=="
    },
    "@cycjimmy/vue-h5-audio-controls": {
      "version": "1.2.0",
      "resolved": "https://npm.pkg.github.com/download/@cycjimmy/vue-h5-audio-controls/1.2.0/de39e1b84cb3fcced40a9ebcb12158aa13472773",
      "integrity": "sha512-9Y0Vt0fR/Mj21Khbn90Jqcjw4+2jXeq92cv/2iBYZLBQuXEsCreybgNzv3IZumVCFZ0YdfqmYkGk24Xy2RmX7Q=="
    },
    "@cycjimmy/weixin-share": {
      "version": "7.0.2",
      "resolved": "https://npm.pkg.github.com/download/@cycjimmy/weixin-share/7.0.2/46d0beca69f776d9f99ab6e3efa7f4b9052fb4df",
      "integrity": "sha512-gUmM44zwl9oJu6hUZ2iZYCeHE7KBBwtmD3wSsc4wEWNBmDeBZbJMIt/AZs7wrZX1t9rXDg43A8oxCWFWLnPnJQ=="
    }
  }
}
