{
  "name": "gpr-install-test",
  "version": "0.0.1",
  "lockfileVersion": 1,
  "requires": true,
  "dependencies": {
    "@cycjimmy/awesome-js-funcs": {
      "version": "1.0.0",
      "resolved": "https://npm.pkg.github.com/download/@cycjimmy/awesome-js-funcs/1.0.0/8c5018fddf3adc1e2844420a7e4f8a662467722c29805d1f0c285a7c25c4f8cb",
      "integrity": "sha512-BzY8K0xLaIEtXU8pC2G0+T3K5ugTnIZO0QoNozjtJ74ZaKEQLWx2f+eGpToLpikfoe+uFLvFseFFC23OY/rvPw=="
    },
    "@cycjimmy/canvas-snow": {
      "version": "1.0.2",
      "resolved": "https://npm.pkg.github.com/download/@cycjimmy/canvas-snow/1.0.2/6ee3910588cac32297bd87add774d82dafd6b783cc224ebc75042468b5b563a9",
      "integrity": "sha512-T/xwE24hEeNEe0fdrT/gcC0Xg/H5fxICiW1fXRroJoA4Zwt80FJUehQw8GM5DzyeVwEs14bsixvBkrf/gFZN+g==",
      "requires": {
        "@cycjimmy/awesome-js-funcs": "^1.0.0"
      }
    },
    "@cycjimmy/hello-github-package-npm": {
      "version": "0.0.8",
      "resolved": "https://npm.pkg.github.com/download/@cycjimmy/hello-github-package-npm/0.0.8/640ab1784d97cadb8bd73a5cfd1aa20c7c7d65335a6987e7d0d580cdfdef5b0a",
      "integrity": "sha512-W28ibOfgUsDUBpxFh3s/PQmI/OpxU9v5GMHzX/SthcowAQ2Hcd34dsyih4jnZP9uzO/JKjiuC1FNge8RhBH2yQ=="
    }
  }
}
